
Microsoft Visual Studio Solution File, Format Version 12.00
# Visual Studio 14
VisualStudioVersion = 14.0.25420.1
MinimumVisualStudioVersion = 10.0.40219.1
Project("{FAE04EC0-301F-11D3-BF4B-00C04F79EFBC}") = "MailSender", "MailSender\MailSender.csproj", "{43E1CC31-97A6-4B38-B87C-2579F70EBC6C}"
EndProject
Project("{FAE04EC0-301F-11D3-BF4B-00C04F79EFBC}") = "TestMailSender", "TestMailSender\TestMailSender.csproj", "{68806E99-3CE0-4D61-8C0F-98AD6E1FE3C9}"
EndProject
Global
	GlobalSection(SolutionConfigurationPlatforms) = preSolution
		Debug|Any CPU = Debug|Any CPU
		Release|Any CPU = Release|Any CPU
	EndGlobalSection
	GlobalSection(ProjectConfigurationPlatforms) = postSolution
		{43E1CC31-97A6-4B38-B87C-2579F70EBC6C}.Debug|Any CPU.ActiveCfg = Debug|Any CPU
		{43E1CC31-97A6-4B38-B87C-2579F70EBC6C}.Debug|Any CPU.Build.0 = Debug|Any CPU
		{43E1CC31-97A6-4B38-B87C-2579F70EBC6C}.Release|Any CPU.ActiveCfg = Release|Any CPU
		{43E1CC31-97A6-4B38-B87C-2579F70EBC6C}.Release|Any CPU.Build.0 = Release|Any CPU
		{68806E99-3CE0-4D61-8C0F-98AD6E1FE3C9}.Debug|Any CPU.ActiveCfg = Debug|Any CPU
		{68806E99-3CE0-4D61-8C0F-98AD6E1FE3C9}.Debug|Any CPU.Build.0 = Debug|Any CPU
		{68806E99-3CE0-4D61-8C0F-98AD6E1FE3C9}.Release|Any CPU.ActiveCfg = Release|Any CPU
		{68806E99-3CE0-4D61-8C0F-98AD6E1FE3C9}.Release|Any CPU.Build.0 = Release|Any CPU
	EndGlobalSection
	GlobalSection(SolutionProperties) = preSolution
		HideSolutionNode = FALSE
	EndGlobalSection
EndGlobal
